
Microsoft Visual Studio Solution File, Format Version 12.00
# Visual Studio Version 16
VisualStudioVersion = 16.0.30503.244
MinimumVisualStudioVersion = 10.0.40219.1
Project("{FAE04EC0-301F-11D3-BF4B-00C04F79EFBC}") = "ZooSystem", "ZooSystem\ZooSystem.csproj", "{366B9B23-8DF2-4EAB-9043-685F2BEBDB0D}"
EndProject
Global
	GlobalSection(SolutionConfigurationPlatforms) = preSolution
		Debug|Any CPU = Debug|Any CPU
		Release|Any CPU = Release|Any CPU
	EndGlobalSection
	GlobalSection(ProjectConfigurationPlatforms) = postSolution
		{366B9B23-8DF2-4EAB-9043-685F2BEBDB0D}.Debug|Any CPU.ActiveCfg = Debug|Any CPU
		{366B9B23-8DF2-4EAB-9043-685F2BEBDB0D}.Debug|Any CPU.Build.0 = Debug|Any CPU
		{366B9B23-8DF2-4EAB-9043-685F2BEBDB0D}.Release|Any CPU.ActiveCfg = Release|Any CPU
		{366B9B23-8DF2-4EAB-9043-685F2BEBDB0D}.Release|Any CPU.Build.0 = Release|Any CPU
	EndGlobalSection
	GlobalSection(SolutionProperties) = preSolution
		HideSolutionNode = FALSE
	EndGlobalSection
	GlobalSection(ExtensibilityGlobals) = postSolution
		SolutionGuid = {C712F2C8-0FF8-40B0-B520-CECA9C8DC464}
	EndGlobalSection
EndGlobal
